
Microsoft Visual Studio Solution File, Format Version 12.00
# Visual Studio Version 17
VisualStudioVersion = 17.2.32505.173
MinimumVisualStudioVersion = 10.0.40219.1
Project("{9A19103F-16F7-4668-BE54-9A1E7A4F7556}") = "TodoApiDTO_Business", "TodoApiDTO_Business\TodoApiDTO_Business.csproj", "{5AA93290-E1FB-41E9-B343-A782CB09578B}"
EndProject
Project("{9A19103F-16F7-4668-BE54-9A1E7A4F7556}") = "TodoApiDTO_DataAccess", "TodoApiDTO_DataAccess\TodoApiDTO_DataAccess.csproj", "{D62CD7AF-FA2B-4BD9-85FD-23FBFE799EEE}"
EndProject
Project("{9A19103F-16F7-4668-BE54-9A1E7A4F7556}") = "TodoApiDTO_Models", "TodoApiDTO_Models\TodoApiDTO_Models.csproj", "{B0ECDDE5-FEBC-4FD1-99EA-850B1CCB840C}"
EndProject
Project("{9A19103F-16F7-4668-BE54-9A1E7A4F7556}") = "TodoApiDTO", "TodoApiDTO\TodoApiDTO.csproj", "{4372BCFF-00CA-4443-8B41-28122D5CA4CA}"
EndProject
Project("{FAE04EC0-301F-11D3-BF4B-00C04F79EFBC}") = "TodoApiDTO_Business.Tests", "TodoApiDTO_Business.Tests\TodoApiDTO_Business.Tests.csproj", "{6C572FE4-FA42-42BD-89D3-85E2474A5013}"
EndProject
Global
	GlobalSection(SolutionConfigurationPlatforms) = preSolution
		Debug|Any CPU = Debug|Any CPU
		Release|Any CPU = Release|Any CPU
	EndGlobalSection
	GlobalSection(ProjectConfigurationPlatforms) = postSolution
		{5AA93290-E1FB-41E9-B343-A782CB09578B}.Debug|Any CPU.ActiveCfg = Debug|Any CPU
		{5AA93290-E1FB-41E9-B343-A782CB09578B}.Debug|Any CPU.Build.0 = Debug|Any CPU
		{5AA93290-E1FB-41E9-B343-A782CB09578B}.Release|Any CPU.ActiveCfg = Release|Any CPU
		{5AA93290-E1FB-41E9-B343-A782CB09578B}.Release|Any CPU.Build.0 = Release|Any CPU
		{D62CD7AF-FA2B-4BD9-85FD-23FBFE799EEE}.Debug|Any CPU.ActiveCfg = Debug|Any CPU
		{D62CD7AF-FA2B-4BD9-85FD-23FBFE799EEE}.Debug|Any CPU.Build.0 = Debug|Any CPU
		{D62CD7AF-FA2B-4BD9-85FD-23FBFE799EEE}.Release|Any CPU.ActiveCfg = Release|Any CPU
		{D62CD7AF-FA2B-4BD9-85FD-23FBFE799EEE}.Release|Any CPU.Build.0 = Release|Any CPU
		{B0ECDDE5-FEBC-4FD1-99EA-850B1CCB840C}.Debug|Any CPU.ActiveCfg = Debug|Any CPU
		{B0ECDDE5-FEBC-4FD1-99EA-850B1CCB840C}.Debug|Any CPU.Build.0 = Debug|Any CPU
		{B0ECDDE5-FEBC-4FD1-99EA-850B1CCB840C}.Release|Any CPU.ActiveCfg = Release|Any CPU
		{B0ECDDE5-FEBC-4FD1-99EA-850B1CCB840C}.Release|Any CPU.Build.0 = Release|Any CPU
		{4372BCFF-00CA-4443-8B41-28122D5CA4CA}.Debug|Any CPU.ActiveCfg = Debug|Any CPU
		{4372BCFF-00CA-4443-8B41-28122D5CA4CA}.Debug|Any CPU.Build.0 = Debug|Any CPU
		{4372BCFF-00CA-4443-8B41-28122D5CA4CA}.Release|Any CPU.ActiveCfg = Release|Any CPU
		{4372BCFF-00CA-4443-8B41-28122D5CA4CA}.Release|Any CPU.Build.0 = Release|Any CPU
		{6C572FE4-FA42-42BD-89D3-85E2474A5013}.Debug|Any CPU.ActiveCfg = Debug|Any CPU
		{6C572FE4-FA42-42BD-89D3-85E2474A5013}.Debug|Any CPU.Build.0 = Debug|Any CPU
		{6C572FE4-FA42-42BD-89D3-85E2474A5013}.Release|Any CPU.ActiveCfg = Release|Any CPU
		{6C572FE4-FA42-42BD-89D3-85E2474A5013}.Release|Any CPU.Build.0 = Release|Any CPU
	EndGlobalSection
	GlobalSection(SolutionProperties) = preSolution
		HideSolutionNode = FALSE
	EndGlobalSection
	GlobalSection(ExtensibilityGlobals) = postSolution
		SolutionGuid = {A29FC395-719E-4C44-AAD1-BA6D614E31BA}
	EndGlobalSection
EndGlobal
